
Microsoft Visual Studio Solution File, Format Version 12.00
# Visual Studio 15
VisualStudioVersion = 15.0.26730.12
MinimumVisualStudioVersion = 10.0.40219.1
Project("{FAE04EC0-301F-11D3-BF4B-00C04F79EFBC}") = "Peekafood.Android", "Peekafood\Peekafood.Android\Peekafood.Android.csproj", "{32A57516-1532-4A99-9E12-D7217E7BEE2D}"
EndProject
Project("{FAE04EC0-301F-11D3-BF4B-00C04F79EFBC}") = "Peekafood.iOS", "Peekafood\Peekafood.iOS\Peekafood.iOS.csproj", "{DD83CB90-500D-479B-B3AD-C255840763D2}"
EndProject
Project("{D954291E-2A0B-460D-934E-DC6B0785DB48}") = "Peekafood", "Peekafood\Peekafood\Peekafood.shproj", "{E88E616B-673D-478E-B2D8-FC36814BF171}"
EndProject
Global
	GlobalSection(SharedMSBuildProjectFiles) = preSolution
		Peekafood\Peekafood\Peekafood.projitems*{32a57516-1532-4a99-9e12-d7217e7bee2d}*SharedItemsImports = 4
		Peekafood\Peekafood\Peekafood.projitems*{dd83cb90-500d-479b-b3ad-c255840763d2}*SharedItemsImports = 4
		Peekafood\Peekafood\Peekafood.projitems*{e88e616b-673d-478e-b2d8-fc36814bf171}*SharedItemsImports = 13
	EndGlobalSection
	GlobalSection(SolutionConfigurationPlatforms) = preSolution
		Debug|Any CPU = Debug|Any CPU
		Debug|iPhone = Debug|iPhone
		Debug|iPhoneSimulator = Debug|iPhoneSimulator
		Release|Any CPU = Release|Any CPU
		Release|iPhone = Release|iPhone
		Release|iPhoneSimulator = Release|iPhoneSimulator
	EndGlobalSection
	GlobalSection(ProjectConfigurationPlatforms) = postSolution
		{32A57516-1532-4A99-9E12-D7217E7BEE2D}.Debug|Any CPU.ActiveCfg = Debug|Any CPU
		{32A57516-1532-4A99-9E12-D7217E7BEE2D}.Debug|Any CPU.Build.0 = Debug|Any CPU
		{32A57516-1532-4A99-9E12-D7217E7BEE2D}.Debug|Any CPU.Deploy.0 = Debug|Any CPU
		{32A57516-1532-4A99-9E12-D7217E7BEE2D}.Debug|iPhone.ActiveCfg = Debug|Any CPU
		{32A57516-1532-4A99-9E12-D7217E7BEE2D}.Debug|iPhone.Build.0 = Debug|Any CPU
		{32A57516-1532-4A99-9E12-D7217E7BEE2D}.Debug|iPhone.Deploy.0 = Debug|Any CPU
		{32A57516-1532-4A99-9E12-D7217E7BEE2D}.Debug|iPhoneSimulator.ActiveCfg = Debug|Any CPU
		{32A57516-1532-4A99-9E12-D7217E7BEE2D}.Debug|iPhoneSimulator.Build.0 = Debug|Any CPU
		{32A57516-1532-4A99-9E12-D7217E7BEE2D}.Debug|iPhoneSimulator.Deploy.0 = Debug|Any CPU
		{32A57516-1532-4A99-9E12-D7217E7BEE2D}.Release|Any CPU.ActiveCfg = Release|Any CPU
		{32A57516-1532-4A99-9E12-D7217E7BEE2D}.Release|Any CPU.Build.0 = Release|Any CPU
		{32A57516-1532-4A99-9E12-D7217E7BEE2D}.Release|Any CPU.Deploy.0 = Release|Any CPU
		{32A57516-1532-4A99-9E12-D7217E7BEE2D}.Release|iPhone.ActiveCfg = Release|Any CPU
		{32A57516-1532-4A99-9E12-D7217E7BEE2D}.Release|iPhone.Build.0 = Release|Any CPU
		{32A57516-1532-4A99-9E12-D7217E7BEE2D}.Release|iPhone.Deploy.0 = Release|Any CPU
		{32A57516-1532-4A99-9E12-D7217E7BEE2D}.Release|iPhoneSimulator.ActiveCfg = Release|Any CPU
		{32A57516-1532-4A99-9E12-D7217E7BEE2D}.Release|iPhoneSimulator.Build.0 = Release|Any CPU
		{32A57516-1532-4A99-9E12-D7217E7BEE2D}.Release|iPhoneSimulator.Deploy.0 = Release|Any CPU
		{DD83CB90-500D-479B-B3AD-C255840763D2}.Debug|Any CPU.ActiveCfg = Debug|iPhone
		{DD83CB90-500D-479B-B3AD-C255840763D2}.Debug|iPhone.ActiveCfg = Debug|iPhone
		{DD83CB90-500D-479B-B3AD-C255840763D2}.Debug|iPhone.Build.0 = Debug|iPhone
		{DD83CB90-500D-479B-B3AD-C255840763D2}.Debug|iPhoneSimulator.ActiveCfg = Debug|iPhoneSimulator
		{DD83CB90-500D-479B-B3AD-C255840763D2}.Debug|iPhoneSimulator.Build.0 = Debug|iPhoneSimulator
		{DD83CB90-500D-479B-B3AD-C255840763D2}.Release|Any CPU.ActiveCfg = Release|iPhone
		{DD83CB90-500D-479B-B3AD-C255840763D2}.Release|iPhone.ActiveCfg = Release|iPhone
		{DD83CB90-500D-479B-B3AD-C255840763D2}.Release|iPhone.Build.0 = Release|iPhone
		{DD83CB90-500D-479B-B3AD-C255840763D2}.Release|iPhoneSimulator.ActiveCfg = Release|iPhoneSimulator
		{DD83CB90-500D-479B-B3AD-C255840763D2}.Release|iPhoneSimulator.Build.0 = Release|iPhoneSimulator
	EndGlobalSection
	GlobalSection(SolutionProperties) = preSolution
		HideSolutionNode = FALSE
	EndGlobalSection
	GlobalSection(ExtensibilityGlobals) = postSolution
		SolutionGuid = {598A4B52-6A3E-4C7A-A079-D6F56D333822}
	EndGlobalSection
EndGlobal
